
Microsoft Visual Studio Solution File, Format Version 12.00
# Visual Studio 15
VisualStudioVersion = 15.0.26228.9
MinimumVisualStudioVersion = 10.0.40219.1
Project("{2150E333-8FDC-42A3-9474-1A3956D46DE8}") = "src", "src", "{33FAB4B4-5342-4BAF-87FC-2F6B2F1FE9F2}"
EndProject
Project("{2150E333-8FDC-42A3-9474-1A3956D46DE8}") = "Solution Items", "Solution Items", "{0C772865-240B-42FD-8F7E-B675A02FB356}"
EndProject
Project("{9A19103F-16F7-4668-BE54-9A1E7A4F7556}") = "TestAngular2", "src\TestAngular2\TestAngular2.csproj", "{6CD54DFC-AA68-49BA-9B6E-9B62AC2107CD}"
EndProject
Global
	GlobalSection(SolutionConfigurationPlatforms) = preSolution
		Debug|Any CPU = Debug|Any CPU
		Release|Any CPU = Release|Any CPU
	EndGlobalSection
	GlobalSection(ProjectConfigurationPlatforms) = postSolution
		{6CD54DFC-AA68-49BA-9B6E-9B62AC2107CD}.Debug|Any CPU.ActiveCfg = Debug|Any CPU
		{6CD54DFC-AA68-49BA-9B6E-9B62AC2107CD}.Debug|Any CPU.Build.0 = Debug|Any CPU
		{6CD54DFC-AA68-49BA-9B6E-9B62AC2107CD}.Release|Any CPU.ActiveCfg = Release|Any CPU
		{6CD54DFC-AA68-49BA-9B6E-9B62AC2107CD}.Release|Any CPU.Build.0 = Release|Any CPU
	EndGlobalSection
	GlobalSection(SolutionProperties) = preSolution
		HideSolutionNode = FALSE
	EndGlobalSection
	GlobalSection(NestedProjects) = preSolution
		{6CD54DFC-AA68-49BA-9B6E-9B62AC2107CD} = {33FAB4B4-5342-4BAF-87FC-2F6B2F1FE9F2}
	EndGlobalSection
EndGlobal
